
Microsoft Visual Studio Solution File, Format Version 12.00
# Visual Studio 15
VisualStudioVersion = 15.0.28010.2019
MinimumVisualStudioVersion = 10.0.40219.1
Project("{9A19103F-16F7-4668-BE54-9A1E7A4F7556}") = "494. Target Sum", "494. Target Sum\494. Target Sum.csproj", "{8ABD1FDE-FA19-4F6F-9052-C56C90E8482E}"
EndProject
Global
	GlobalSection(SolutionConfigurationPlatforms) = preSolution
		Debug|Any CPU = Debug|Any CPU
		Release|Any CPU = Release|Any CPU
	EndGlobalSection
	GlobalSection(ProjectConfigurationPlatforms) = postSolution
		{8ABD1FDE-FA19-4F6F-9052-C56C90E8482E}.Debug|Any CPU.ActiveCfg = Debug|Any CPU
		{8ABD1FDE-FA19-4F6F-9052-C56C90E8482E}.Debug|Any CPU.Build.0 = Debug|Any CPU
		{8ABD1FDE-FA19-4F6F-9052-C56C90E8482E}.Release|Any CPU.ActiveCfg = Release|Any CPU
		{8ABD1FDE-FA19-4F6F-9052-C56C90E8482E}.Release|Any CPU.Build.0 = Release|Any CPU
	EndGlobalSection
	GlobalSection(SolutionProperties) = preSolution
		HideSolutionNode = FALSE
	EndGlobalSection
	GlobalSection(ExtensibilityGlobals) = postSolution
		SolutionGuid = {EB821B84-9039-437B-90C3-FFEE482CD094}
	EndGlobalSection
EndGlobal
